
Microsoft Visual Studio Solution File, Format Version 12.00
# Visual Studio 15
VisualStudioVersion = 15.0.28010.2036
MinimumVisualStudioVersion = 10.0.40219.1
Project("{FAE04EC0-301F-11D3-BF4B-00C04F79EFBC}") = "SFA.DAS.Azure.ServiceBus.Tools.DLQConsole", "SFA.DAS.Azure.ServiceBus.Tools.DLQConsole\SFA.DAS.Azure.ServiceBus.Tools.DLQConsole.csproj", "{85EEC24C-4746-4A48-9F15-9B4DF22CE63A}"
EndProject
Project("{FAE04EC0-301F-11D3-BF4B-00C04F79EFBC}") = "SFA.DAS.NServiceBus.Tools.MessagePublisher", "SFA.DAS.NServiceBus.Tools.MessagePublisher\SFA.DAS.NServiceBus.Tools.MessagePublisher.csproj", "{450D1C68-BDA5-48CA-824A-5991A2841395}"
EndProject
Global
	GlobalSection(SolutionConfigurationPlatforms) = preSolution
		Debug|Any CPU = Debug|Any CPU
		Release|Any CPU = Release|Any CPU
	EndGlobalSection
	GlobalSection(ProjectConfigurationPlatforms) = postSolution
		{85EEC24C-4746-4A48-9F15-9B4DF22CE63A}.Debug|Any CPU.ActiveCfg = Debug|Any CPU
		{85EEC24C-4746-4A48-9F15-9B4DF22CE63A}.Debug|Any CPU.Build.0 = Debug|Any CPU
		{85EEC24C-4746-4A48-9F15-9B4DF22CE63A}.Release|Any CPU.ActiveCfg = Release|Any CPU
		{85EEC24C-4746-4A48-9F15-9B4DF22CE63A}.Release|Any CPU.Build.0 = Release|Any CPU
		{450D1C68-BDA5-48CA-824A-5991A2841395}.Debug|Any CPU.ActiveCfg = Debug|Any CPU
		{450D1C68-BDA5-48CA-824A-5991A2841395}.Debug|Any CPU.Build.0 = Debug|Any CPU
		{450D1C68-BDA5-48CA-824A-5991A2841395}.Release|Any CPU.ActiveCfg = Release|Any CPU
		{450D1C68-BDA5-48CA-824A-5991A2841395}.Release|Any CPU.Build.0 = Release|Any CPU
	EndGlobalSection
	GlobalSection(SolutionProperties) = preSolution
		HideSolutionNode = FALSE
	EndGlobalSection
	GlobalSection(ExtensibilityGlobals) = postSolution
		SolutionGuid = {B04446BC-D188-4BB7-9C26-49FA027C31CB}
	EndGlobalSection
	GlobalSection(NestedProjects) = preSolution
	EndGlobalSection
EndGlobal
